github.com/itchyny/timefmt-go v0.1.8 h1:1YEo1JvfXeAHKdjelbYr/uCuhkybaHCeTkH8Bo791OI=
github.com/itchyny/timefmt-go v0.1.8/go.mod h1:5E46Q+zj7vbTgWY8o5YkMeYb4I6GeWLFnetPy5oBrAI=
github.com/krateo-platformops/gojq v0.13.0 h1:OjASARn2rx67oaRJm6Tb8JuH8S1LAjGQhnffcRQvATw=
github.com/krateo-platformops/gojq v0.13.0/go.mod h1:R2U7pnOvAMBv2PS/l40tYf5CnNRS72rv+yh69RxNNFY=
